
Microsoft Visual Studio Solution File, Format Version 12.00
# Visual Studio Version 17
VisualStudioVersion = 17.8.34330.188
MinimumVisualStudioVersion = 10.0.40219.1
Project("{FAE04EC0-301F-11D3-BF4B-00C04F79EFBC}") = "NewBlog", "NewBlog\NewBlog.csproj", "{0AFC51A5-610B-4115-B904-BC360506BE5D}"
EndProject
Global
	GlobalSection(SolutionConfigurationPlatforms) = preSolution
		Debug|Any CPU = Debug|Any CPU
		Release|Any CPU = Release|Any CPU
	EndGlobalSection
	GlobalSection(ProjectConfigurationPlatforms) = postSolution
		{0AFC51A5-610B-4115-B904-BC360506BE5D}.Debug|Any CPU.ActiveCfg = Debug|Any CPU
		{0AFC51A5-610B-4115-B904-BC360506BE5D}.Debug|Any CPU.Build.0 = Debug|Any CPU
		{0AFC51A5-610B-4115-B904-BC360506BE5D}.Release|Any CPU.ActiveCfg = Release|Any CPU
		{0AFC51A5-610B-4115-B904-BC360506BE5D}.Release|Any CPU.Build.0 = Release|Any CPU
	EndGlobalSection
	GlobalSection(SolutionProperties) = preSolution
		HideSolutionNode = FALSE
	EndGlobalSection
	GlobalSection(ExtensibilityGlobals) = postSolution
		SolutionGuid = {25112D8D-2505-4979-B97B-4597EF3AEBCF}
	EndGlobalSection
EndGlobal
